// !$*UTF8*$!
{
	archiveVersion = 1;
	classes = {
	};
	objectVersion = 56;
	objects = {

/* Begin PBXBuildFile section */
		093839D52A83B22600C45774 /* AppOfFireAndIceApp.swift in Sources */ = {isa = PBXBuildFile; fileRef = 093839D42A83B22600C45774 /* AppOfFireAndIceApp.swift */; };
		093839D72A83B22600C45774 /* ContentView.swift in Sources */ = {isa = PBXBuildFile; fileRef = 093839D62A83B22600C45774 /* ContentView.swift */; };
		093839D92A83B22D00C45774 /* Assets.xcassets in Resources */ = {isa = PBXBuildFile; fileRef = 093839D82A83B22D00C45774 /* Assets.xcassets */; };
		093839DC2A83B22D00C45774 /* Preview Assets.xcassets in Resources */ = {isa = PBXBuildFile; fileRef = 093839DB2A83B22D00C45774 /* Preview Assets.xcassets */; };
		093839F02A83B22E00C45774 /* AppOfFireAndIceUITests.swift in Sources */ = {isa = PBXBuildFile; fileRef = 093839EF2A83B22E00C45774 /* AppOfFireAndIceUITests.swift */; };
		093839F22A83B22E00C45774 /* AppOfFireAndIceUITestsLaunchTests.swift in Sources */ = {isa = PBXBuildFile; fileRef = 093839F12A83B22E00C45774 /* AppOfFireAndIceUITestsLaunchTests.swift */; };
		09383A0B2A83B98200C45774 /* PageEnum.swift in Sources */ = {isa = PBXBuildFile; fileRef = 09383A0A2A83B98200C45774 /* PageEnum.swift */; };
		09383A3D2A83CF4D00C45774 /* FireAndIceService.swift in Sources */ = {isa = PBXBuildFile; fileRef = 09383A3C2A83CF4D00C45774 /* FireAndIceService.swift */; };
		09383A402A83F1B700C45774 /* ConfigKeys.swift in Sources */ = {isa = PBXBuildFile; fileRef = 09383A3F2A83F1B700C45774 /* ConfigKeys.swift */; };
		09383A4C2A840E8700C45774 /* GoTBookDto.swift in Sources */ = {isa = PBXBuildFile; fileRef = 09383A4B2A840E8700C45774 /* GoTBookDto.swift */; };
		09383A4E2A840E9E00C45774 /* GoTCharacterDto.swift in Sources */ = {isa = PBXBuildFile; fileRef = 09383A4D2A840E9E00C45774 /* GoTCharacterDto.swift */; };
		09383A502A840EBE00C45774 /* GoTHouseDto.swift in Sources */ = {isa = PBXBuildFile; fileRef = 09383A4F2A840EBE00C45774 /* GoTHouseDto.swift */; };
		09383ABE2A84F72F00C45774 /* PaginationModel.swift in Sources */ = {isa = PBXBuildFile; fileRef = 09383ABD2A84F72F00C45774 /* PaginationModel.swift */; };
		09383AC22A84FBF700C45774 /* Extensions.swift in Sources */ = {isa = PBXBuildFile; fileRef = 09383AC12A84FBF700C45774 /* Extensions.swift */; };
		09383AC72A85097C00C45774 /* PaginationFooterView.swift in Sources */ = {isa = PBXBuildFile; fileRef = 09383AC62A85097C00C45774 /* PaginationFooterView.swift */; };
		09383AC82A85097C00C45774 /* PaginationFooterView.swift in Sources */ = {isa = PBXBuildFile; fileRef = 09383AC62A85097C00C45774 /* PaginationFooterView.swift */; };
		09383ACB2A8509EA00C45774 /* PaginationFooterViewModel.swift in Sources */ = {isa = PBXBuildFile; fileRef = 09383ACA2A8509EA00C45774 /* PaginationFooterViewModel.swift */; };
		09383ACC2A8509EA00C45774 /* PaginationFooterViewModel.swift in Sources */ = {isa = PBXBuildFile; fileRef = 09383ACA2A8509EA00C45774 /* PaginationFooterViewModel.swift */; };
		0985A06E2A8EA38A0078BF2C /* Themes.swift in Sources */ = {isa = PBXBuildFile; fileRef = 0985A06D2A8EA38A0078BF2C /* Themes.swift */; };
		0985A0712A8EACFE0078BF2C /* SimpleRowView.swift in Sources */ = {isa = PBXBuildFile; fileRef = 0985A0702A8EACFE0078BF2C /* SimpleRowView.swift */; };
		0985A0772A8EAD290078BF2C /* LinkRowView.swift in Sources */ = {isa = PBXBuildFile; fileRef = 0985A0762A8EAD290078BF2C /* LinkRowView.swift */; };
		0985A07A2A8ED5F00078BF2C /* CharactersFilterViewModel.swift in Sources */ = {isa = PBXBuildFile; fileRef = 09F361AD2A8C80E5003F0F8A /* CharactersFilterViewModel.swift */; };
		0985A07B2A8ED5F70078BF2C /* BooksFilterViewModel.swift in Sources */ = {isa = PBXBuildFile; fileRef = 09F361A92A8C80C6003F0F8A /* BooksFilterViewModel.swift */; };
		0985A07C2A8ED5FE0078BF2C /* HousesFilterViewModel.swift in Sources */ = {isa = PBXBuildFile; fileRef = 09F361A52A8C80AA003F0F8A /* HousesFilterViewModel.swift */; };
		0985A07D2A8ED6040078BF2C /* MainFilterViewModel.swift in Sources */ = {isa = PBXBuildFile; fileRef = 09F3619E2A8C8018003F0F8A /* MainFilterViewModel.swift */; };
		0985A07E2A8ED6080078BF2C /* MainViewModel.swift in Sources */ = {isa = PBXBuildFile; fileRef = 09F361AF2A8C8D6E003F0F8A /* MainViewModel.swift */; };
		0985A07F2A8ED60C0078BF2C /* BookDetailsViewModel.swift in Sources */ = {isa = PBXBuildFile; fileRef = 09F361902A8C466D003F0F8A /* BookDetailsViewModel.swift */; };
		0985A0802A8ED6100078BF2C /* BooksListViewModel.swift in Sources */ = {isa = PBXBuildFile; fileRef = 09F361942A8C4837003F0F8A /* BooksListViewModel.swift */; };
		0985A0812A8ED6170078BF2C /* CharacterDetailsViewModel.swift in Sources */ = {isa = PBXBuildFile; fileRef = 09F361872A8C3EFB003F0F8A /* CharacterDetailsViewModel.swift */; };
		0985A0822A8ED61A0078BF2C /* CharactersListViewModel.swift in Sources */ = {isa = PBXBuildFile; fileRef = 09F3618B2A8C4308003F0F8A /* CharactersListViewModel.swift */; };
		0985A0832A8ED61E0078BF2C /* HouseDetailsViewModel.swift in Sources */ = {isa = PBXBuildFile; fileRef = 09F361822A8B95C2003F0F8A /* HouseDetailsViewModel.swift */; };
		0985A0842A8ED6210078BF2C /* HousesListViewModel.swift in Sources */ = {isa = PBXBuildFile; fileRef = 09F3617D2A8B954D003F0F8A /* HousesListViewModel.swift */; };
		0985A0852A8ED6260078BF2C /* Themes.swift in Sources */ = {isa = PBXBuildFile; fileRef = 0985A06D2A8EA38A0078BF2C /* Themes.swift */; };
		0985A0872A8ED8430078BF2C /* MainViewTests.swift in Sources */ = {isa = PBXBuildFile; fileRef = 0985A0862A8ED8430078BF2C /* MainViewTests.swift */; };
		0985A0882A8F4B8C0078BF2C /* MainView.swift in Sources */ = {isa = PBXBuildFile; fileRef = 09F361972A8C4AC1003F0F8A /* MainView.swift */; };
		0985A0892A8F4B9A0078BF2C /* FireAndIceService.swift in Sources */ = {isa = PBXBuildFile; fileRef = 09383A3C2A83CF4D00C45774 /* FireAndIceService.swift */; };
		0985A08A2A8F4BA10078BF2C /* CharactersFilterView.swift in Sources */ = {isa = PBXBuildFile; fileRef = 09F361AB2A8C80D6003F0F8A /* CharactersFilterView.swift */; };
		0985A08B2A8F4BA60078BF2C /* BooksFilterView.swift in Sources */ = {isa = PBXBuildFile; fileRef = 09F361A72A8C80B8003F0F8A /* BooksFilterView.swift */; };
		0985A08C2A8F4BAA0078BF2C /* HousesFilterView.swift in Sources */ = {isa = PBXBuildFile; fileRef = 09F361A32A8C8099003F0F8A /* HousesFilterView.swift */; };
		0985A08D2A8F4BAE0078BF2C /* MainFilterView.swift in Sources */ = {isa = PBXBuildFile; fileRef = 09F3619C2A8C800A003F0F8A /* MainFilterView.swift */; };
		0985A08E2A8F4BB30078BF2C /* BookDetailsView.swift in Sources */ = {isa = PBXBuildFile; fileRef = 09F3618E2A8C4660003F0F8A /* BookDetailsView.swift */; };
		0985A08F2A8F4BB80078BF2C /* BooksListView.swift in Sources */ = {isa = PBXBuildFile; fileRef = 09F361922A8C4807003F0F8A /* BooksListView.swift */; };
		0985A0902A8F4BBE0078BF2C /* CharacterDetailsView.swift in Sources */ = {isa = PBXBuildFile; fileRef = 09F361852A8C3EE8003F0F8A /* CharacterDetailsView.swift */; };
		0985A0912A8F4BC20078BF2C /* CharactersListView.swift in Sources */ = {isa = PBXBuildFile; fileRef = 09F361892A8C42B0003F0F8A /* CharactersListView.swift */; };
		0985A0922A8F4BC70078BF2C /* HouseDetailsView.swift in Sources */ = {isa = PBXBuildFile; fileRef = 09F361802A8B95B2003F0F8A /* HouseDetailsView.swift */; };
		0985A0932A8F4BCB0078BF2C /* HousesListView.swift in Sources */ = {isa = PBXBuildFile; fileRef = 09F361782A8B94E0003F0F8A /* HousesListView.swift */; };
		0985A0942A8F4CD20078BF2C /* PageEnum.swift in Sources */ = {isa = PBXBuildFile; fileRef = 09383A0A2A83B98200C45774 /* PageEnum.swift */; };
		0985A0952A8F4D730078BF2C /* GoTBookDto.swift in Sources */ = {isa = PBXBuildFile; fileRef = 09383A4B2A840E8700C45774 /* GoTBookDto.swift */; };
		0985A0962A8F4DCF0078BF2C /* GoTCharacterDto.swift in Sources */ = {isa = PBXBuildFile; fileRef = 09383A4D2A840E9E00C45774 /* GoTCharacterDto.swift */; };
		0985A0972A8F4DD10078BF2C /* GoTHouseDto.swift in Sources */ = {isa = PBXBuildFile; fileRef = 09383A4F2A840EBE00C45774 /* GoTHouseDto.swift */; };
		0985A0982A8F50580078BF2C /* ThreeStateToggleView.swift in Sources */ = {isa = PBXBuildFile; fileRef = 09F361B82A8CF639003F0F8A /* ThreeStateToggleView.swift */; };
		0985A0992A8F505A0078BF2C /* ThreeStateToggleViewModel.swift in Sources */ = {isa = PBXBuildFile; fileRef = 09F361BC2A8CFC19003F0F8A /* ThreeStateToggleViewModel.swift */; };
		0985A09A2A8F50660078BF2C /* SimpleRowView.swift in Sources */ = {isa = PBXBuildFile; fileRef = 0985A0702A8EACFE0078BF2C /* SimpleRowView.swift */; };
		0985A09B2A8F50760078BF2C /* PaginationModel.swift in Sources */ = {isa = PBXBuildFile; fileRef = 09383ABD2A84F72F00C45774 /* PaginationModel.swift */; };
		0985A09C2A8F50800078BF2C /* ListItemView.swift in Sources */ = {isa = PBXBuildFile; fileRef = 09F3616F2A8B7DCD003F0F8A /* ListItemView.swift */; };
		0985A09D2A8F50830078BF2C /* ListItemViewModel.swift in Sources */ = {isa = PBXBuildFile; fileRef = 09F361712A8B7E99003F0F8A /* ListItemViewModel.swift */; };
		0985A09F2A8F509C0078BF2C /* CollapsableContainerView.swift in Sources */ = {isa = PBXBuildFile; fileRef = 09F361BF2A8E08C4003F0F8A /* CollapsableContainerView.swift */; };
		0985A0A02A8F509F0078BF2C /* CollapsableContainerHeaderView.swift in Sources */ = {isa = PBXBuildFile; fileRef = 09F361C12A8E0901003F0F8A /* CollapsableContainerHeaderView.swift */; };
		0985A0A12A8F50A90078BF2C /* ConfigKeys.swift in Sources */ = {isa = PBXBuildFile; fileRef = 09383A3F2A83F1B700C45774 /* ConfigKeys.swift */; };
		0985A0A22A8F50B90078BF2C /* Extensions.swift in Sources */ = {isa = PBXBuildFile; fileRef = 09383AC12A84FBF700C45774 /* Extensions.swift */; };
		0985A0A62A8F563E0078BF2C /* CharactersListViewTests.swift in Sources */ = {isa = PBXBuildFile; fileRef = 0985A0A52A8F563D0078BF2C /* CharactersListViewTests.swift */; };
		0985A0A72A8F776F0078BF2C /* LinkRowView.swift in Sources */ = {isa = PBXBuildFile; fileRef = 0985A0762A8EAD290078BF2C /* LinkRowView.swift */; };
		0985A0A92A8F7BDF0078BF2C /* CharactersFilterViewTests.swift in Sources */ = {isa = PBXBuildFile; fileRef = 0985A0A82A8F7BDF0078BF2C /* CharactersFilterViewTests.swift */; };
		0985A0AB2A8F87ED0078BF2C /* BooksFilterViewTests.swift in Sources */ = {isa = PBXBuildFile; fileRef = 0985A0AA2A8F87ED0078BF2C /* BooksFilterViewTests.swift */; };
		0985A0AD2A8F8A130078BF2C /* HousesFilterViewTests.swift in Sources */ = {isa = PBXBuildFile; fileRef = 0985A0AC2A8F8A130078BF2C /* HousesFilterViewTests.swift */; };
		0985A0B02A8F8EE00078BF2C /* MainFilterViewTests.swift in Sources */ = {isa = PBXBuildFile; fileRef = 0985A0AF2A8F8EE00078BF2C /* MainFilterViewTests.swift */; };
		0985A0BA2A8F90990078BF2C /* BookDetailsViewTests.swift in Sources */ = {isa = PBXBuildFile; fileRef = 0985A0B92A8F90990078BF2C /* BookDetailsViewTests.swift */; };
		0985A0BC2A8F911F0078BF2C /* CharacterDetailsViewTests.swift in Sources */ = {isa = PBXBuildFile; fileRef = 0985A0BB2A8F911F0078BF2C /* CharacterDetailsViewTests.swift */; };
		0985A0BE2A8F91520078BF2C /* HouseDetailsViewTests.swift in Sources */ = {isa = PBXBuildFile; fileRef = 0985A0BD2A8F91520078BF2C /* HouseDetailsViewTests.swift */; };
		0985A0C02A8F91EC0078BF2C /* BooksListViewTests.swift in Sources */ = {isa = PBXBuildFile; fileRef = 0985A0BF2A8F91EC0078BF2C /* BooksListViewTests.swift */; };
		0985A0C22A8F92510078BF2C /* HousesListViewTests.swift in Sources */ = {isa = PBXBuildFile; fileRef = 0985A0C12A8F92510078BF2C /* HousesListViewTests.swift */; };
		0985A0C52A8F932E0078BF2C /* FireAndIceServiceTests.swift in Sources */ = {isa = PBXBuildFile; fileRef = 0985A0C42A8F932E0078BF2C /* FireAndIceServiceTests.swift */; };
		09C25EF32A8F999B00BC414D /* AppOfFireAndIceTests.swift in Sources */ = {isa = PBXBuildFile; fileRef = 09C25EF22A8F999B00BC414D /* AppOfFireAndIceTests.swift */; };
		09C25EF52A8FA26700BC414D /* HouseThemesTests.swift in Sources */ = {isa = PBXBuildFile; fileRef = 09C25EF42A8FA26700BC414D /* HouseThemesTests.swift */; };
		09C25EF72A8FA60E00BC414D /* BookThemesTests.swift in Sources */ = {isa = PBXBuildFile; fileRef = 09C25EF62A8FA60E00BC414D /* BookThemesTests.swift */; };
		09C25EF92A8FA95F00BC414D /* CharacterThemesTests.swift in Sources */ = {isa = PBXBuildFile; fileRef = 09C25EF82A8FA95F00BC414D /* CharacterThemesTests.swift */; };
		09C25EFF2A92497000BC414D /* book.json in Resources */ = {isa = PBXBuildFile; fileRef = 09C25EFE2A92497000BC414D /* book.json */; };
		09C25F012A924A2100BC414D /* books.json in Resources */ = {isa = PBXBuildFile; fileRef = 09C25F002A924A2100BC414D /* books.json */; };
		09C25F032A924A2F00BC414D /* character.json in Resources */ = {isa = PBXBuildFile; fileRef = 09C25F022A924A2F00BC414D /* character.json */; };
		09C25F052A924A3F00BC414D /* characters.json in Resources */ = {isa = PBXBuildFile; fileRef = 09C25F042A924A3F00BC414D /* characters.json */; };
		09C25F072A924A4B00BC414D /* house.json in Resources */ = {isa = PBXBuildFile; fileRef = 09C25F062A924A4B00BC414D /* house.json */; };
		09C25F092A924A5600BC414D /* houses.json in Resources */ = {isa = PBXBuildFile; fileRef = 09C25F082A924A5600BC414D /* houses.json */; };
		09F361702A8B7DCD003F0F8A /* ListItemView.swift in Sources */ = {isa = PBXBuildFile; fileRef = 09F3616F2A8B7DCD003F0F8A /* ListItemView.swift */; };
		09F361722A8B7E99003F0F8A /* ListItemViewModel.swift in Sources */ = {isa = PBXBuildFile; fileRef = 09F361712A8B7E99003F0F8A /* ListItemViewModel.swift */; };
		09F361792A8B94E0003F0F8A /* HousesListView.swift in Sources */ = {isa = PBXBuildFile; fileRef = 09F361782A8B94E0003F0F8A /* HousesListView.swift */; };
		09F3617E2A8B954D003F0F8A /* HousesListViewModel.swift in Sources */ = {isa = PBXBuildFile; fileRef = 09F3617D2A8B954D003F0F8A /* HousesListViewModel.swift */; };
		09F361812A8B95B2003F0F8A /* HouseDetailsView.swift in Sources */ = {isa = PBXBuildFile; fileRef = 09F361802A8B95B2003F0F8A /* HouseDetailsView.swift */; };
		09F361832A8B95C2003F0F8A /* HouseDetailsViewModel.swift in Sources */ = {isa = PBXBuildFile; fileRef = 09F361822A8B95C2003F0F8A /* HouseDetailsViewModel.swift */; };
		09F361862A8C3EE8003F0F8A /* CharacterDetailsView.swift in Sources */ = {isa = PBXBuildFile; fileRef = 09F361852A8C3EE8003F0F8A /* CharacterDetailsView.swift */; };
		09F361882A8C3EFB003F0F8A /* CharacterDetailsViewModel.swift in Sources */ = {isa = PBXBuildFile; fileRef = 09F361872A8C3EFB003F0F8A /* CharacterDetailsViewModel.swift */; };
		09F3618A2A8C42B0003F0F8A /* CharactersListView.swift in Sources */ = {isa = PBXBuildFile; fileRef = 09F361892A8C42B0003F0F8A /* CharactersListView.swift */; };
		09F3618C2A8C4308003F0F8A /* CharactersListViewModel.swift in Sources */ = {isa = PBXBuildFile; fileRef = 09F3618B2A8C4308003F0F8A /* CharactersListViewModel.swift */; };
		09F3618F2A8C4660003F0F8A /* BookDetailsView.swift in Sources */ = {isa = PBXBuildFile; fileRef = 09F3618E2A8C4660003F0F8A /* BookDetailsView.swift */; };
		09F361912A8C466D003F0F8A /* BookDetailsViewModel.swift in Sources */ = {isa = PBXBuildFile; fileRef = 09F361902A8C466D003F0F8A /* BookDetailsViewModel.swift */; };
		09F361932A8C4807003F0F8A /* BooksListView.swift in Sources */ = {isa = PBXBuildFile; fileRef = 09F361922A8C4807003F0F8A /* BooksListView.swift */; };
		09F361952A8C4837003F0F8A /* BooksListViewModel.swift in Sources */ = {isa = PBXBuildFile; fileRef = 09F361942A8C4837003F0F8A /* BooksListViewModel.swift */; };
		09F361982A8C4AC1003F0F8A /* MainView.swift in Sources */ = {isa = PBXBuildFile; fileRef = 09F361972A8C4AC1003F0F8A /* MainView.swift */; };
		09F3619D2A8C800A003F0F8A /* MainFilterView.swift in Sources */ = {isa = PBXBuildFile; fileRef = 09F3619C2A8C800A003F0F8A /* MainFilterView.swift */; };
		09F3619F2A8C8019003F0F8A /* MainFilterViewModel.swift in Sources */ = {isa = PBXBuildFile; fileRef = 09F3619E2A8C8018003F0F8A /* MainFilterViewModel.swift */; };
		09F361A42A8C8099003F0F8A /* HousesFilterView.swift in Sources */ = {isa = PBXBuildFile; fileRef = 09F361A32A8C8099003F0F8A /* HousesFilterView.swift */; };
		09F361A62A8C80AA003F0F8A /* HousesFilterViewModel.swift in Sources */ = {isa = PBXBuildFile; fileRef = 09F361A52A8C80AA003F0F8A /* HousesFilterViewModel.swift */; };
		09F361A82A8C80B8003F0F8A /* BooksFilterView.swift in Sources */ = {isa = PBXBuildFile; fileRef = 09F361A72A8C80B8003F0F8A /* BooksFilterView.swift */; };
		09F361AA2A8C80C6003F0F8A /* BooksFilterViewModel.swift in Sources */ = {isa = PBXBuildFile; fileRef = 09F361A92A8C80C6003F0F8A /* BooksFilterViewModel.swift */; };
		09F361AC2A8C80D6003F0F8A /* CharactersFilterView.swift in Sources */ = {isa = PBXBuildFile; fileRef = 09F361AB2A8C80D6003F0F8A /* CharactersFilterView.swift */; };
		09F361AE2A8C80E5003F0F8A /* CharactersFilterViewModel.swift in Sources */ = {isa = PBXBuildFile; fileRef = 09F361AD2A8C80E5003F0F8A /* CharactersFilterViewModel.swift */; };
		09F361B02A8C8D6E003F0F8A /* MainViewModel.swift in Sources */ = {isa = PBXBuildFile; fileRef = 09F361AF2A8C8D6E003F0F8A /* MainViewModel.swift */; };
		09F361B92A8CF639003F0F8A /* ThreeStateToggleView.swift in Sources */ = {isa = PBXBuildFile; fileRef = 09F361B82A8CF639003F0F8A /* ThreeStateToggleView.swift */; };
		09F361BD2A8CFC19003F0F8A /* ThreeStateToggleViewModel.swift in Sources */ = {isa = PBXBuildFile; fileRef = 09F361BC2A8CFC19003F0F8A /* ThreeStateToggleViewModel.swift */; };
		09F361C02A8E08C4003F0F8A /* CollapsableContainerView.swift in Sources */ = {isa = PBXBuildFile; fileRef = 09F361BF2A8E08C4003F0F8A /* CollapsableContainerView.swift */; };
		09F361C22A8E0901003F0F8A /* CollapsableContainerHeaderView.swift in Sources */ = {isa = PBXBuildFile; fileRef = 09F361C12A8E0901003F0F8A /* CollapsableContainerHeaderView.swift */; };
/* End PBXBuildFile section */

/* Begin PBXContainerItemProxy section */
		093839E22A83B22E00C45774 /* PBXContainerItemProxy */ = {
			isa = PBXContainerItemProxy;
			containerPortal = 093839C92A83B22600C45774 /* Project object */;
			proxyType = 1;
			remoteGlobalIDString = 093839D02A83B22600C45774;
			remoteInfo = AppOfFireAndIce;
		};
		093839EC2A83B22E00C45774 /* PBXContainerItemProxy */ = {
			isa = PBXContainerItemProxy;
			containerPortal = 093839C92A83B22600C45774 /* Project object */;
			proxyType = 1;
			remoteGlobalIDString = 093839D02A83B22600C45774;
			remoteInfo = AppOfFireAndIce;
		};
/* End PBXContainerItemProxy section */

/* Begin PBXFileReference section */
		093839D12A83B22600C45774 /* AppOfFireAndIce.app */ = {isa = PBXFileReference; explicitFileType = wrapper.application; includeInIndex = 0; path = AppOfFireAndIce.app; sourceTree = BUILT_PRODUCTS_DIR; };
		093839D42A83B22600C45774 /* AppOfFireAndIceApp.swift */ = {isa = PBXFileReference; lastKnownFileType = sourcecode.swift; path = AppOfFireAndIceApp.swift; sourceTree = "<group>"; };
		093839D62A83B22600C45774 /* ContentView.swift */ = {isa = PBXFileReference; lastKnownFileType = sourcecode.swift; path = ContentView.swift; sourceTree = "<group>"; };
		093839D82A83B22D00C45774 /* Assets.xcassets */ = {isa = PBXFileReference; lastKnownFileType = folder.assetcatalog; path = Assets.xcassets; sourceTree = "<group>"; };
		093839DB2A83B22D00C45774 /* Preview Assets.xcassets */ = {isa = PBXFileReference; lastKnownFileType = folder.assetcatalog; path = "Preview Assets.xcassets"; sourceTree = "<group>"; };
		093839E12A83B22E00C45774 /* AppOfFireAndIceTests.xctest */ = {isa = PBXFileReference; explicitFileType = wrapper.cfbundle; includeInIndex = 0; path = AppOfFireAndIceTests.xctest; sourceTree = BUILT_PRODUCTS_DIR; };
		093839EB2A83B22E00C45774 /* AppOfFireAndIceUITests.xctest */ = {isa = PBXFileReference; explicitFileType = wrapper.cfbundle; includeInIndex = 0; path = AppOfFireAndIceUITests.xctest; sourceTree = BUILT_PRODUCTS_DIR; };
		093839EF2A83B22E00C45774 /* AppOfFireAndIceUITests.swift */ = {isa = PBXFileReference; lastKnownFileType = sourcecode.swift; path = AppOfFireAndIceUITests.swift; sourceTree = "<group>"; };
		093839F12A83B22E00C45774 /* AppOfFireAndIceUITestsLaunchTests.swift */ = {isa = PBXFileReference; lastKnownFileType = sourcecode.swift; path = AppOfFireAndIceUITestsLaunchTests.swift; sourceTree = "<group>"; };
		09383A0A2A83B98200C45774 /* PageEnum.swift */ = {isa = PBXFileReference; lastKnownFileType = sourcecode.swift; path = PageEnum.swift; sourceTree = "<group>"; };
		09383A3C2A83CF4D00C45774 /* FireAndIceService.swift */ = {isa = PBXFileReference; lastKnownFileType = sourcecode.swift; path = FireAndIceService.swift; sourceTree = "<group>"; };
		09383A3F2A83F1B700C45774 /* ConfigKeys.swift */ = {isa = PBXFileReference; lastKnownFileType = sourcecode.swift; path = ConfigKeys.swift; sourceTree = "<group>"; };
		09383A4B2A840E8700C45774 /* GoTBookDto.swift */ = {isa = PBXFileReference; lastKnownFileType = sourcecode.swift; path = GoTBookDto.swift; sourceTree = "<group>"; };
		09383A4D2A840E9E00C45774 /* GoTCharacterDto.swift */ = {isa = PBXFileReference; lastKnownFileType = sourcecode.swift; path = GoTCharacterDto.swift; sourceTree = "<group>"; };
		09383A4F2A840EBE00C45774 /* GoTHouseDto.swift */ = {isa = PBXFileReference; lastKnownFileType = sourcecode.swift; path = GoTHouseDto.swift; sourceTree = "<group>"; };
		09383ABD2A84F72F00C45774 /* PaginationModel.swift */ = {isa = PBXFileReference; lastKnownFileType = sourcecode.swift; path = PaginationModel.swift; sourceTree = "<group>"; };
		09383AC12A84FBF700C45774 /* Extensions.swift */ = {isa = PBXFileReference; lastKnownFileType = sourcecode.swift; path = Extensions.swift; sourceTree = "<group>"; };
		09383AC62A85097C00C45774 /* PaginationFooterView.swift */ = {isa = PBXFileReference; lastKnownFileType = sourcecode.swift; path = PaginationFooterView.swift; sourceTree = "<group>"; };
		09383ACA2A8509EA00C45774 /* PaginationFooterViewModel.swift */ = {isa = PBXFileReference; lastKnownFileType = sourcecode.swift; path = PaginationFooterViewModel.swift; sourceTree = "<group>"; };
		0985A06B2A8E7A270078BF2C /* Info.plist */ = {isa = PBXFileReference; lastKnownFileType = text.plist; path = Info.plist; sourceTree = "<group>"; };
		0985A06D2A8EA38A0078BF2C /* Themes.swift */ = {isa = PBXFileReference; lastKnownFileType = sourcecode.swift; path = Themes.swift; sourceTree = "<group>"; };
		0985A0702A8EACFE0078BF2C /* SimpleRowView.swift */ = {isa = PBXFileReference; lastKnownFileType = sourcecode.swift; path = SimpleRowView.swift; sourceTree = "<group>"; };
		0985A0762A8EAD290078BF2C /* LinkRowView.swift */ = {isa = PBXFileReference; lastKnownFileType = sourcecode.swift; path = LinkRowView.swift; sourceTree = "<group>"; };
		0985A0862A8ED8430078BF2C /* MainViewTests.swift */ = {isa = PBXFileReference; lastKnownFileType = sourcecode.swift; path = MainViewTests.swift; sourceTree = "<group>"; };
		0985A0A52A8F563D0078BF2C /* CharactersListViewTests.swift */ = {isa = PBXFileReference; lastKnownFileType = sourcecode.swift; path = CharactersListViewTests.swift; sourceTree = "<group>"; };
		0985A0A82A8F7BDF0078BF2C /* CharactersFilterViewTests.swift */ = {isa = PBXFileReference; lastKnownFileType = sourcecode.swift; path = CharactersFilterViewTests.swift; sourceTree = "<group>"; };
		0985A0AA2A8F87ED0078BF2C /* BooksFilterViewTests.swift */ = {isa = PBXFileReference; lastKnownFileType = sourcecode.swift; path = BooksFilterViewTests.swift; sourceTree = "<group>"; };
		0985A0AC2A8F8A130078BF2C /* HousesFilterViewTests.swift */ = {isa = PBXFileReference; lastKnownFileType = sourcecode.swift; path = HousesFilterViewTests.swift; sourceTree = "<group>"; };
		0985A0AF2A8F8EE00078BF2C /* MainFilterViewTests.swift */ = {isa = PBXFileReference; lastKnownFileType = sourcecode.swift; path = MainFilterViewTests.swift; sourceTree = "<group>"; };
		0985A0B92A8F90990078BF2C /* BookDetailsViewTests.swift */ = {isa = PBXFileReference; lastKnownFileType = sourcecode.swift; path = BookDetailsViewTests.swift; sourceTree = "<group>"; };
		0985A0BB2A8F911F0078BF2C /* CharacterDetailsViewTests.swift */ = {isa = PBXFileReference; lastKnownFileType = sourcecode.swift; path = CharacterDetailsViewTests.swift; sourceTree = "<group>"; };
		0985A0BD2A8F91520078BF2C /* HouseDetailsViewTests.swift */ = {isa = PBXFileReference; lastKnownFileType = sourcecode.swift; path = HouseDetailsViewTests.swift; sourceTree = "<group>"; };
		0985A0BF2A8F91EC0078BF2C /* BooksListViewTests.swift */ = {isa = PBXFileReference; lastKnownFileType = sourcecode.swift; path = BooksListViewTests.swift; sourceTree = "<group>"; };
		0985A0C12A8F92510078BF2C /* HousesListViewTests.swift */ = {isa = PBXFileReference; lastKnownFileType = sourcecode.swift; path = HousesListViewTests.swift; sourceTree = "<group>"; };
		0985A0C42A8F932E0078BF2C /* FireAndIceServiceTests.swift */ = {isa = PBXFileReference; lastKnownFileType = sourcecode.swift; path = FireAndIceServiceTests.swift; sourceTree = "<group>"; };
		09C25EF22A8F999B00BC414D /* AppOfFireAndIceTests.swift */ = {isa = PBXFileReference; lastKnownFileType = sourcecode.swift; path = AppOfFireAndIceTests.swift; sourceTree = "<group>"; };
		09C25EF42A8FA26700BC414D /* HouseThemesTests.swift */ = {isa = PBXFileReference; lastKnownFileType = sourcecode.swift; path = HouseThemesTests.swift; sourceTree = "<group>"; };
		09C25EF62A8FA60E00BC414D /* BookThemesTests.swift */ = {isa = PBXFileReference; lastKnownFileType = sourcecode.swift; path = BookThemesTests.swift; sourceTree = "<group>"; };
		09C25EF82A8FA95F00BC414D /* CharacterThemesTests.swift */ = {isa = PBXFileReference; lastKnownFileType = sourcecode.swift; path = CharacterThemesTests.swift; sourceTree = "<group>"; };
		09C25EFE2A92497000BC414D /* book.json */ = {isa = PBXFileReference; lastKnownFileType = text.json; path = book.json; sourceTree = "<group>"; };
		09C25F002A924A2100BC414D /* books.json */ = {isa = PBXFileReference; lastKnownFileType = text.json; path = books.json; sourceTree = "<group>"; };
		09C25F022A924A2F00BC414D /* character.json */ = {isa = PBXFileReference; lastKnownFileType = text.json; path = character.json; sourceTree = "<group>"; };
		09C25F042A924A3F00BC414D /* characters.json */ = {isa = PBXFileReference; lastKnownFileType = text.json; path = characters.json; sourceTree = "<group>"; };
		09C25F062A924A4B00BC414D /* house.json */ = {isa = PBXFileReference; lastKnownFileType = text.json; path = house.json; sourceTree = "<group>"; };
		09C25F082A924A5600BC414D /* houses.json */ = {isa = PBXFileReference; lastKnownFileType = text.json; path = houses.json; sourceTree = "<group>"; };
		09F3616F2A8B7DCD003F0F8A /* ListItemView.swift */ = {isa = PBXFileReference; lastKnownFileType = sourcecode.swift; path = ListItemView.swift; sourceTree = "<group>"; };
		09F361712A8B7E99003F0F8A /* ListItemViewModel.swift */ = {isa = PBXFileReference; lastKnownFileType = sourcecode.swift; path = ListItemViewModel.swift; sourceTree = "<group>"; };
		09F361782A8B94E0003F0F8A /* HousesListView.swift */ = {isa = PBXFileReference; lastKnownFileType = sourcecode.swift; path = HousesListView.swift; sourceTree = "<group>"; };
		09F3617D2A8B954D003F0F8A /* HousesListViewModel.swift */ = {isa = PBXFileReference; lastKnownFileType = sourcecode.swift; path = HousesListViewModel.swift; sourceTree = "<group>"; };
		09F361802A8B95B2003F0F8A /* HouseDetailsView.swift */ = {isa = PBXFileReference; lastKnownFileType = sourcecode.swift; path = HouseDetailsView.swift; sourceTree = "<group>"; };
		09F361822A8B95C2003F0F8A /* HouseDetailsViewModel.swift */ = {isa = PBXFileReference; lastKnownFileType = sourcecode.swift; path = HouseDetailsViewModel.swift; sourceTree = "<group>"; };
		09F361852A8C3EE8003F0F8A /* CharacterDetailsView.swift */ = {isa = PBXFileReference; lastKnownFileType = sourcecode.swift; path = CharacterDetailsView.swift; sourceTree = "<group>"; };
		09F361872A8C3EFB003F0F8A /* CharacterDetailsViewModel.swift */ = {isa = PBXFileReference; lastKnownFileType = sourcecode.swift; path = CharacterDetailsViewModel.swift; sourceTree = "<group>"; };
		09F361892A8C42B0003F0F8A /* CharactersListView.swift */ = {isa = PBXFileReference; lastKnownFileType = sourcecode.swift; path = CharactersListView.swift; sourceTree = "<group>"; };
		09F3618B2A8C4308003F0F8A /* CharactersListViewModel.swift */ = {isa = PBXFileReference; lastKnownFileType = sourcecode.swift; path = CharactersListViewModel.swift; sourceTree = "<group>"; };
		09F3618E2A8C4660003F0F8A /* BookDetailsView.swift */ = {isa = PBXFileReference; lastKnownFileType = sourcecode.swift; path = BookDetailsView.swift; sourceTree = "<group>"; };
		09F361902A8C466D003F0F8A /* BookDetailsViewModel.swift */ = {isa = PBXFileReference; lastKnownFileType = sourcecode.swift; path = BookDetailsViewModel.swift; sourceTree = "<group>"; };
		09F361922A8C4807003F0F8A /* BooksListView.swift */ = {isa = PBXFileReference; lastKnownFileType = sourcecode.swift; path = BooksListView.swift; sourceTree = "<group>"; };
		09F361942A8C4837003F0F8A /* BooksListViewModel.swift */ = {isa = PBXFileReference; lastKnownFileType = sourcecode.swift; path = BooksListViewModel.swift; sourceTree = "<group>"; };
		09F361972A8C4AC1003F0F8A /* MainView.swift */ = {isa = PBXFileReference; lastKnownFileType = sourcecode.swift; path = MainView.swift; sourceTree = "<group>"; };
		09F3619C2A8C800A003F0F8A /* MainFilterView.swift */ = {isa = PBXFileReference; lastKnownFileType = sourcecode.swift; path = MainFilterView.swift; sourceTree = "<group>"; };
		09F3619E2A8C8018003F0F8A /* MainFilterViewModel.swift */ = {isa = PBXFileReference; lastKnownFileType = sourcecode.swift; path = MainFilterViewModel.swift; sourceTree = "<group>"; };
		09F361A32A8C8099003F0F8A /* HousesFilterView.swift */ = {isa = PBXFileReference; lastKnownFileType = sourcecode.swift; path = HousesFilterView.swift; sourceTree = "<group>"; };
		09F361A52A8C80AA003F0F8A /* HousesFilterViewModel.swift */ = {isa = PBXFileReference; lastKnownFileType = sourcecode.swift; path = HousesFilterViewModel.swift; sourceTree = "<group>"; };
		09F361A72A8C80B8003F0F8A /* BooksFilterView.swift */ = {isa = PBXFileReference; lastKnownFileType = sourcecode.swift; path = BooksFilterView.swift; sourceTree = "<group>"; };
		09F361A92A8C80C6003F0F8A /* BooksFilterViewModel.swift */ = {isa = PBXFileReference; lastKnownFileType = sourcecode.swift; path = BooksFilterViewModel.swift; sourceTree = "<group>"; };
		09F361AB2A8C80D6003F0F8A /* CharactersFilterView.swift */ = {isa = PBXFileReference; lastKnownFileType = sourcecode.swift; path = CharactersFilterView.swift; sourceTree = "<group>"; };
		09F361AD2A8C80E5003F0F8A /* CharactersFilterViewModel.swift */ = {isa = PBXFileReference; lastKnownFileType = sourcecode.swift; path = CharactersFilterViewModel.swift; sourceTree = "<group>"; };
		09F361AF2A8C8D6E003F0F8A /* MainViewModel.swift */ = {isa = PBXFileReference; lastKnownFileType = sourcecode.swift; path = MainViewModel.swift; sourceTree = "<group>"; };
		09F361B82A8CF639003F0F8A /* ThreeStateToggleView.swift */ = {isa = PBXFileReference; lastKnownFileType = sourcecode.swift; path = ThreeStateToggleView.swift; sourceTree = "<group>"; };
		09F361BC2A8CFC19003F0F8A /* ThreeStateToggleViewModel.swift */ = {isa = PBXFileReference; lastKnownFileType = sourcecode.swift; path = ThreeStateToggleViewModel.swift; sourceTree = "<group>"; };
		09F361BF2A8E08C4003F0F8A /* CollapsableContainerView.swift */ = {isa = PBXFileReference; lastKnownFileType = sourcecode.swift; path = CollapsableContainerView.swift; sourceTree = "<group>"; };
		09F361C12A8E0901003F0F8A /* CollapsableContainerHeaderView.swift */ = {isa = PBXFileReference; lastKnownFileType = sourcecode.swift; path = CollapsableContainerHeaderView.swift; sourceTree = "<group>"; };
/* End PBXFileReference section */

/* Begin PBXFrameworksBuildPhase section */
		093839CE2A83B22600C45774 /* Frameworks */ = {
			isa = PBXFrameworksBuildPhase;
			buildActionMask = 2147483647;
			files = (
			);
			runOnlyForDeploymentPostprocessing = 0;
		};
		093839DE2A83B22E00C45774 /* Frameworks */ = {
			isa = PBXFrameworksBuildPhase;
			buildActionMask = 2147483647;
			files = (
			);
			runOnlyForDeploymentPostprocessing = 0;
		};
		093839E82A83B22E00C45774 /* Frameworks */ = {
			isa = PBXFrameworksBuildPhase;
			buildActionMask = 2147483647;
			files = (
			);
			runOnlyForDeploymentPostprocessing = 0;
		};
/* End PBXFrameworksBuildPhase section */

/* Begin PBXGroup section */
		093839C82A83B22600C45774 = {
			isa = PBXGroup;
			children = (
				093839D32A83B22600C45774 /* AppOfFireAndIce */,
				093839E42A83B22E00C45774 /* AppOfFireAndIceTests */,
				093839EE2A83B22E00C45774 /* AppOfFireAndIceUITests */,
				093839D22A83B22600C45774 /* Products */,
			);
			sourceTree = "<group>";
		};
		093839D22A83B22600C45774 /* Products */ = {
			isa = PBXGroup;
			children = (
				093839D12A83B22600C45774 /* AppOfFireAndIce.app */,
				093839E12A83B22E00C45774 /* AppOfFireAndIceTests.xctest */,
				093839EB2A83B22E00C45774 /* AppOfFireAndIceUITests.xctest */,
			);
			name = Products;
			sourceTree = "<group>";
		};
		093839D32A83B22600C45774 /* AppOfFireAndIce */ = {
			isa = PBXGroup;
			children = (
				0985A06B2A8E7A270078BF2C /* Info.plist */,
				09383A3E2A83F17E00C45774 /* Config */,
				09383A162A83C46600C45774 /* Screens */,
				09383A3B2A83CF3500C45774 /* Services */,
				093839FE2A83B2D500C45774 /* Shared */,
				093839D42A83B22600C45774 /* AppOfFireAndIceApp.swift */,
				093839D62A83B22600C45774 /* ContentView.swift */,
				093839D82A83B22D00C45774 /* Assets.xcassets */,
				093839DA2A83B22D00C45774 /* Preview Content */,
			);
			path = AppOfFireAndIce;
			sourceTree = "<group>";
		};
		093839DA2A83B22D00C45774 /* Preview Content */ = {
			isa = PBXGroup;
			children = (
				093839DB2A83B22D00C45774 /* Preview Assets.xcassets */,
			);
			path = "Preview Content";
			sourceTree = "<group>";
		};
		093839E42A83B22E00C45774 /* AppOfFireAndIceTests */ = {
			isa = PBXGroup;
			children = (
				0985A0B12A8F8FB70078BF2C /* Main */,
				0985A0AE2A8F8EBE0078BF2C /* Filter */,
				0985A0B22A8F90380078BF2C /* Books */,
				0985A0B32A8F903D0078BF2C /* Characters */,
				0985A0B42A8F90430078BF2C /* Houses */,
				0985A0C32A8F927A0078BF2C /* Services */,
				0985A0B82A8F90780078BF2C /* Shared */,
				09C25EF22A8F999B00BC414D /* AppOfFireAndIceTests.swift */,
			);
			path = AppOfFireAndIceTests;
			sourceTree = "<group>";
		};
		093839EE2A83B22E00C45774 /* AppOfFireAndIceUITests */ = {
			isa = PBXGroup;
			children = (
				093839EF2A83B22E00C45774 /* AppOfFireAndIceUITests.swift */,
				093839F12A83B22E00C45774 /* AppOfFireAndIceUITestsLaunchTests.swift */,
			);
			path = AppOfFireAndIceUITests;
			sourceTree = "<group>";
		};
		093839FE2A83B2D500C45774 /* Shared */ = {
			isa = PBXGroup;
			children = (
				0985A06C2A8EA3670078BF2C /* Helpers */,
				09383A852A846B7700C45774 /* Components */,
				09383A462A83FEFA00C45774 /* Dtos */,
				09383A352A83C6D900C45774 /* Extensions */,
				093839FF2A83B2E100C45774 /* Models */,
			);
			path = Shared;
			sourceTree = "<group>";
		};
		093839FF2A83B2E100C45774 /* Models */ = {
			isa = PBXGroup;
			children = (
				09383A0A2A83B98200C45774 /* PageEnum.swift */,
				09383ABD2A84F72F00C45774 /* PaginationModel.swift */,
			);
			name = Models;
			path = "../New Group/Models";
			sourceTree = "<group>";
		};
		09383A162A83C46600C45774 /* Screens */ = {
			isa = PBXGroup;
			children = (
				09F361962A8C4AAE003F0F8A /* Main */,
				09F3619B2A8C7F9E003F0F8A /* Filter */,
				09383A182A83C47700C45774 /* Books */,
				09383A192A83C48000C45774 /* Characters */,
				09383A1A2A83C48600C45774 /* Houses */,
			);
			path = Screens;
			sourceTree = "<group>";
		};
		09383A182A83C47700C45774 /* Books */ = {
			isa = PBXGroup;
			children = (
				09F3618D2A8C464F003F0F8A /* BookDetails */,
				09F361922A8C4807003F0F8A /* BooksListView.swift */,
				09F361942A8C4837003F0F8A /* BooksListViewModel.swift */,
			);
			path = Books;
			sourceTree = "<group>";
		};
		09383A192A83C48000C45774 /* Characters */ = {
			isa = PBXGroup;
			children = (
				09F361842A8C3EC7003F0F8A /* CharacterDetails */,
				09F361892A8C42B0003F0F8A /* CharactersListView.swift */,
				09F3618B2A8C4308003F0F8A /* CharactersListViewModel.swift */,
			);
			path = Characters;
			sourceTree = "<group>";
		};
		09383A1A2A83C48600C45774 /* Houses */ = {
			isa = PBXGroup;
			children = (
				09F3617F2A8B959F003F0F8A /* HouseDetails */,
				09F361782A8B94E0003F0F8A /* HousesListView.swift */,
				09F3617D2A8B954D003F0F8A /* HousesListViewModel.swift */,
			);
			path = Houses;
			sourceTree = "<group>";
		};
		09383A352A83C6D900C45774 /* Extensions */ = {
			isa = PBXGroup;
			children = (
				09383AC12A84FBF700C45774 /* Extensions.swift */,
			);
			path = Extensions;
			sourceTree = "<group>";
		};
		09383A3B2A83CF3500C45774 /* Services */ = {
			isa = PBXGroup;
			children = (
				09C25EFA2A923D3800BC414D /* MockData */,
				09383A3C2A83CF4D00C45774 /* FireAndIceService.swift */,
			);
			path = Services;
			sourceTree = "<group>";
		};
		09383A3E2A83F17E00C45774 /* Config */ = {
			isa = PBXGroup;
			children = (
				09383A3F2A83F1B700C45774 /* ConfigKeys.swift */,
			);
			path = Config;
			sourceTree = "<group>";
		};
		09383A462A83FEFA00C45774 /* Dtos */ = {
			isa = PBXGroup;
			children = (
				09383A4B2A840E8700C45774 /* GoTBookDto.swift */,
				09383A4D2A840E9E00C45774 /* GoTCharacterDto.swift */,
				09383A4F2A840EBE00C45774 /* GoTHouseDto.swift */,
			);
			path = Dtos;
			sourceTree = "<group>";
		};
		09383A852A846B7700C45774 /* Components */ = {
			isa = PBXGroup;
			children = (
				09F361BE2A8E0891003F0F8A /* CollapsableContainer */,
				09F361632A8A5E86003F0F8A /* ListItems */,
				09383AC52A85096000C45774 /* PaginationFooter */,
				0985A06F2A8EACE00078BF2C /* Rows */,
				09F361B72A8CF61A003F0F8A /* ThreeStateToggle */,
			);
			path = Components;
			sourceTree = "<group>";
		};
		09383AC52A85096000C45774 /* PaginationFooter */ = {
			isa = PBXGroup;
			children = (
				09383AC62A85097C00C45774 /* PaginationFooterView.swift */,
				09383ACA2A8509EA00C45774 /* PaginationFooterViewModel.swift */,
			);
			path = PaginationFooter;
			sourceTree = "<group>";
		};
		0985A06C2A8EA3670078BF2C /* Helpers */ = {
			isa = PBXGroup;
			children = (
				0985A06D2A8EA38A0078BF2C /* Themes.swift */,
			);
			path = Helpers;
			sourceTree = "<group>";
		};
		0985A06F2A8EACE00078BF2C /* Rows */ = {
			isa = PBXGroup;
			children = (
				0985A0732A8EAD0B0078BF2C /* LinkRow */,
				0985A0722A8EAD020078BF2C /* SimpleRow */,
			);
			path = Rows;
			sourceTree = "<group>";
		};
		0985A0722A8EAD020078BF2C /* SimpleRow */ = {
			isa = PBXGroup;
			children = (
				0985A0702A8EACFE0078BF2C /* SimpleRowView.swift */,
			);
			path = SimpleRow;
			sourceTree = "<group>";
		};
		0985A0732A8EAD0B0078BF2C /* LinkRow */ = {
			isa = PBXGroup;
			children = (
				0985A0762A8EAD290078BF2C /* LinkRowView.swift */,
			);
			path = LinkRow;
			sourceTree = "<group>";
		};
		0985A0AE2A8F8EBE0078BF2C /* Filter */ = {
			isa = PBXGroup;
			children = (
				0985A0A82A8F7BDF0078BF2C /* CharactersFilterViewTests.swift */,
				0985A0AA2A8F87ED0078BF2C /* BooksFilterViewTests.swift */,
				0985A0AC2A8F8A130078BF2C /* HousesFilterViewTests.swift */,
				0985A0AF2A8F8EE00078BF2C /* MainFilterViewTests.swift */,
			);
			path = Filter;
			sourceTree = "<group>";
		};
		0985A0B12A8F8FB70078BF2C /* Main */ = {
			isa = PBXGroup;
			children = (
				0985A0862A8ED8430078BF2C /* MainViewTests.swift */,
			);
			path = Main;
			sourceTree = "<group>";
		};
		0985A0B22A8F90380078BF2C /* Books */ = {
			isa = PBXGroup;
			children = (
				0985A0B52A8F905D0078BF2C /* BookDetails */,
				0985A0BF2A8F91EC0078BF2C /* BooksListViewTests.swift */,
			);
			path = Books;
			sourceTree = "<group>";
		};
		0985A0B32A8F903D0078BF2C /* Characters */ = {
			isa = PBXGroup;
			children = (
				0985A0B62A8F90690078BF2C /* CharacterDetails */,
				0985A0A52A8F563D0078BF2C /* CharactersListViewTests.swift */,
			);
			path = Characters;
			sourceTree = "<group>";
		};
		0985A0B42A8F90430078BF2C /* Houses */ = {
			isa = PBXGroup;
			children = (
				0985A0B72A8F90700078BF2C /* HouseDetails */,
				0985A0C12A8F92510078BF2C /* HousesListViewTests.swift */,
			);
			path = Houses;
			sourceTree = "<group>";
		};
		0985A0B52A8F905D0078BF2C /* BookDetails */ = {
			isa = PBXGroup;
			children = (
				0985A0B92A8F90990078BF2C /* BookDetailsViewTests.swift */,
			);
			path = BookDetails;
			sourceTree = "<group>";
		};
		0985A0B62A8F90690078BF2C /* CharacterDetails */ = {
			isa = PBXGroup;
			children = (
				0985A0BB2A8F911F0078BF2C /* CharacterDetailsViewTests.swift */,
			);
			path = CharacterDetails;
			sourceTree = "<group>";
		};
		0985A0B72A8F90700078BF2C /* HouseDetails */ = {
			isa = PBXGroup;
			children = (
				0985A0BD2A8F91520078BF2C /* HouseDetailsViewTests.swift */,
			);
			path = HouseDetails;
			sourceTree = "<group>";
		};
		0985A0B82A8F90780078BF2C /* Shared */ = {
			isa = PBXGroup;
			children = (
				09C25EF62A8FA60E00BC414D /* BookThemesTests.swift */,
				09C25EF82A8FA95F00BC414D /* CharacterThemesTests.swift */,
				09C25EF42A8FA26700BC414D /* HouseThemesTests.swift */,
			);
			path = Shared;
			sourceTree = "<group>";
		};
		0985A0C32A8F927A0078BF2C /* Services */ = {
			isa = PBXGroup;
			children = (
				0985A0C42A8F932E0078BF2C /* FireAndIceServiceTests.swift */,
			);
			path = Services;
			sourceTree = "<group>";
		};
		09C25EFA2A923D3800BC414D /* MockData */ = {
			isa = PBXGroup;
			children = (
				09C25EFE2A92497000BC414D /* book.json */,
				09C25F002A924A2100BC414D /* books.json */,
				09C25F022A924A2F00BC414D /* character.json */,
				09C25F042A924A3F00BC414D /* characters.json */,
				09C25F062A924A4B00BC414D /* house.json */,
				09C25F082A924A5600BC414D /* houses.json */,
			);
			path = MockData;
			sourceTree = "<group>";
		};
		09F361632A8A5E86003F0F8A /* ListItems */ = {
			isa = PBXGroup;
			children = (
				09F3616F2A8B7DCD003F0F8A /* ListItemView.swift */,
				09F361712A8B7E99003F0F8A /* ListItemViewModel.swift */,
			);
			path = ListItems;
			sourceTree = "<group>";
		};
		09F3617F2A8B959F003F0F8A /* HouseDetails */ = {
			isa = PBXGroup;
			children = (
				09F361802A8B95B2003F0F8A /* HouseDetailsView.swift */,
				09F361822A8B95C2003F0F8A /* HouseDetailsViewModel.swift */,
			);
			path = HouseDetails;
			sourceTree = "<group>";
		};
		09F361842A8C3EC7003F0F8A /* CharacterDetails */ = {
			isa = PBXGroup;
			children = (
				09F361852A8C3EE8003F0F8A /* CharacterDetailsView.swift */,
				09F361872A8C3EFB003F0F8A /* CharacterDetailsViewModel.swift */,
			);
			path = CharacterDetails;
			sourceTree = "<group>";
		};
		09F3618D2A8C464F003F0F8A /* BookDetails */ = {
			isa = PBXGroup;
			children = (
				09F3618E2A8C4660003F0F8A /* BookDetailsView.swift */,
				09F361902A8C466D003F0F8A /* BookDetailsViewModel.swift */,
			);
			path = BookDetails;
			sourceTree = "<group>";
		};
		09F361962A8C4AAE003F0F8A /* Main */ = {
			isa = PBXGroup;
			children = (
				09F361972A8C4AC1003F0F8A /* MainView.swift */,
				09F361AF2A8C8D6E003F0F8A /* MainViewModel.swift */,
			);
			path = Main;
			sourceTree = "<group>";
		};
		09F3619B2A8C7F9E003F0F8A /* Filter */ = {
			isa = PBXGroup;
			children = (
				09F361A12A8C807A003F0F8A /* BooksFilter */,
				09F361A22A8C8082003F0F8A /* CharactersFilter */,
				09F361A02A8C8056003F0F8A /* HousesFilter */,
				09F3619C2A8C800A003F0F8A /* MainFilterView.swift */,
				09F3619E2A8C8018003F0F8A /* MainFilterViewModel.swift */,
			);
			path = Filter;
			sourceTree = "<group>";
		};
		09F361A02A8C8056003F0F8A /* HousesFilter */ = {
			isa = PBXGroup;
			children = (
				09F361A32A8C8099003F0F8A /* HousesFilterView.swift */,
				09F361A52A8C80AA003F0F8A /* HousesFilterViewModel.swift */,
			);
			path = HousesFilter;
			sourceTree = "<group>";
		};
		09F361A12A8C807A003F0F8A /* BooksFilter */ = {
			isa = PBXGroup;
			children = (
				09F361A72A8C80B8003F0F8A /* BooksFilterView.swift */,
				09F361A92A8C80C6003F0F8A /* BooksFilterViewModel.swift */,
			);
			path = BooksFilter;
			sourceTree = "<group>";
		};
		09F361A22A8C8082003F0F8A /* CharactersFilter */ = {
			isa = PBXGroup;
			children = (
				09F361AB2A8C80D6003F0F8A /* CharactersFilterView.swift */,
				09F361AD2A8C80E5003F0F8A /* CharactersFilterViewModel.swift */,
			);
			path = CharactersFilter;
			sourceTree = "<group>";
		};
		09F361B72A8CF61A003F0F8A /* ThreeStateToggle */ = {
			isa = PBXGroup;
			children = (
				09F361B82A8CF639003F0F8A /* ThreeStateToggleView.swift */,
				09F361BC2A8CFC19003F0F8A /* ThreeStateToggleViewModel.swift */,
			);
			path = ThreeStateToggle;
			sourceTree = "<group>";
		};
		09F361BE2A8E0891003F0F8A /* CollapsableContainer */ = {
			isa = PBXGroup;
			children = (
				09F361BF2A8E08C4003F0F8A /* CollapsableContainerView.swift */,
				09F361C12A8E0901003F0F8A /* CollapsableContainerHeaderView.swift */,
			);
			path = CollapsableContainer;
			sourceTree = "<group>";
		};
/* End PBXGroup section */

/* Begin PBXNativeTarget section */
		093839D02A83B22600C45774 /* AppOfFireAndIce */ = {
			isa = PBXNativeTarget;
			buildConfigurationList = 093839F52A83B22E00C45774 /* Build configuration list for PBXNativeTarget "AppOfFireAndIce" */;
			buildPhases = (
				093839CD2A83B22600C45774 /* Sources */,
				093839CE2A83B22600C45774 /* Frameworks */,
				093839CF2A83B22600C45774 /* Resources */,
			);
			buildRules = (
			);
			dependencies = (
			);
			name = AppOfFireAndIce;
			productName = AppOfFireAndIce;
			productReference = 093839D12A83B22600C45774 /* AppOfFireAndIce.app */;
			productType = "com.apple.product-type.application";
		};
		093839E02A83B22E00C45774 /* AppOfFireAndIceTests */ = {
			isa = PBXNativeTarget;
			buildConfigurationList = 093839F82A83B22E00C45774 /* Build configuration list for PBXNativeTarget "AppOfFireAndIceTests" */;
			buildPhases = (
				093839DD2A83B22E00C45774 /* Sources */,
				093839DE2A83B22E00C45774 /* Frameworks */,
				093839DF2A83B22E00C45774 /* Resources */,
			);
			buildRules = (
			);
			dependencies = (
				093839E32A83B22E00C45774 /* PBXTargetDependency */,
			);
			name = AppOfFireAndIceTests;
			productName = AppOfFireAndIceTests;
			productReference = 093839E12A83B22E00C45774 /* AppOfFireAndIceTests.xctest */;
			productType = "com.apple.product-type.bundle.unit-test";
		};
		093839EA2A83B22E00C45774 /* AppOfFireAndIceUITests */ = {
			isa = PBXNativeTarget;
			buildConfigurationList = 093839FB2A83B22E00C45774 /* Build configuration list for PBXNativeTarget "AppOfFireAndIceUITests" */;
			buildPhases = (
				093839E72A83B22E00C45774 /* Sources */,
				093839E82A83B22E00C45774 /* Frameworks */,
				093839E92A83B22E00C45774 /* Resources */,
			);
			buildRules = (
			);
			dependencies = (
				093839ED2A83B22E00C45774 /* PBXTargetDependency */,
			);
			name = AppOfFireAndIceUITests;
			productName = AppOfFireAndIceUITests;
			productReference = 093839EB2A83B22E00C45774 /* AppOfFireAndIceUITests.xctest */;
			productType = "com.apple.product-type.bundle.ui-testing";
		};
/* End PBXNativeTarget section */

/* Begin PBXProject section */
		093839C92A83B22600C45774 /* Project object */ = {
			isa = PBXProject;
			attributes = {
				BuildIndependentTargetsInParallel = 1;
				LastSwiftUpdateCheck = 1400;
				LastUpgradeCheck = 1400;
				TargetAttributes = {
					093839D02A83B22600C45774 = {
						CreatedOnToolsVersion = 14.0.1;
					};
					093839E02A83B22E00C45774 = {
						CreatedOnToolsVersion = 14.0.1;
						TestTargetID = 093839D02A83B22600C45774;
					};
					093839EA2A83B22E00C45774 = {
						CreatedOnToolsVersion = 14.0.1;
						TestTargetID = 093839D02A83B22600C45774;
					};
				};
			};
			buildConfigurationList = 093839CC2A83B22600C45774 /* Build configuration list for PBXProject "AppOfFireAndIce" */;
			compatibilityVersion = "Xcode 14.0";
			developmentRegion = en;
			hasScannedForEncodings = 0;
			knownRegions = (
				en,
				Base,
			);
			mainGroup = 093839C82A83B22600C45774;
			productRefGroup = 093839D22A83B22600C45774 /* Products */;
			projectDirPath = "";
			projectRoot = "";
			targets = (
				093839D02A83B22600C45774 /* AppOfFireAndIce */,
				093839E02A83B22E00C45774 /* AppOfFireAndIceTests */,
				093839EA2A83B22E00C45774 /* AppOfFireAndIceUITests */,
			);
		};
/* End PBXProject section */

/* Begin PBXResourcesBuildPhase section */
		093839CF2A83B22600C45774 /* Resources */ = {
			isa = PBXResourcesBuildPhase;
			buildActionMask = 2147483647;
			files = (
				09C25F012A924A2100BC414D /* books.json in Resources */,
				09C25F072A924A4B00BC414D /* house.json in Resources */,
				09C25F092A924A5600BC414D /* houses.json in Resources */,
				093839DC2A83B22D00C45774 /* Preview Assets.xcassets in Resources */,
				09C25F032A924A2F00BC414D /* character.json in Resources */,
				09C25F052A924A3F00BC414D /* characters.json in Resources */,
				093839D92A83B22D00C45774 /* Assets.xcassets in Resources */,
				09C25EFF2A92497000BC414D /* book.json in Resources */,
			);
			runOnlyForDeploymentPostprocessing = 0;
		};
		093839DF2A83B22E00C45774 /* Resources */ = {
			isa = PBXResourcesBuildPhase;
			buildActionMask = 2147483647;
			files = (
			);
			runOnlyForDeploymentPostprocessing = 0;
		};
		093839E92A83B22E00C45774 /* Resources */ = {
			isa = PBXResourcesBuildPhase;
			buildActionMask = 2147483647;
			files = (
			);
			runOnlyForDeploymentPostprocessing = 0;
		};
/* End PBXResourcesBuildPhase section */

/* Begin PBXSourcesBuildPhase section */
		093839CD2A83B22600C45774 /* Sources */ = {
			isa = PBXSourcesBuildPhase;
			buildActionMask = 2147483647;
			files = (
				093839D72A83B22600C45774 /* ContentView.swift in Sources */,
				09F361832A8B95C2003F0F8A /* HouseDetailsViewModel.swift in Sources */,
				09F361B02A8C8D6E003F0F8A /* MainViewModel.swift in Sources */,
				09F361BD2A8CFC19003F0F8A /* ThreeStateToggleViewModel.swift in Sources */,
				09F361702A8B7DCD003F0F8A /* ListItemView.swift in Sources */,
				09F361952A8C4837003F0F8A /* BooksListViewModel.swift in Sources */,
				09F361812A8B95B2003F0F8A /* HouseDetailsView.swift in Sources */,
				093839D52A83B22600C45774 /* AppOfFireAndIceApp.swift in Sources */,
				09F361AE2A8C80E5003F0F8A /* CharactersFilterViewModel.swift in Sources */,
				09F3619D2A8C800A003F0F8A /* MainFilterView.swift in Sources */,
				0985A0712A8EACFE0078BF2C /* SimpleRowView.swift in Sources */,
				09383A3D2A83CF4D00C45774 /* FireAndIceService.swift in Sources */,
				09F361C22A8E0901003F0F8A /* CollapsableContainerHeaderView.swift in Sources */,
				09F361982A8C4AC1003F0F8A /* MainView.swift in Sources */,
				09F361882A8C3EFB003F0F8A /* CharacterDetailsViewModel.swift in Sources */,
				09383A0B2A83B98200C45774 /* PageEnum.swift in Sources */,
				09F3619F2A8C8019003F0F8A /* MainFilterViewModel.swift in Sources */,
				09383AC72A85097C00C45774 /* PaginationFooterView.swift in Sources */,
				09383A402A83F1B700C45774 /* ConfigKeys.swift in Sources */,
				09F361912A8C466D003F0F8A /* BookDetailsViewModel.swift in Sources */,
				0985A06E2A8EA38A0078BF2C /* Themes.swift in Sources */,
				09383A4C2A840E8700C45774 /* GoTBookDto.swift in Sources */,
				09F361C02A8E08C4003F0F8A /* CollapsableContainerView.swift in Sources */,
				09F3617E2A8B954D003F0F8A /* HousesListViewModel.swift in Sources */,
				09383ABE2A84F72F00C45774 /* PaginationModel.swift in Sources */,
				09F361AA2A8C80C6003F0F8A /* BooksFilterViewModel.swift in Sources */,
				09383A502A840EBE00C45774 /* GoTHouseDto.swift in Sources */,
				09F3618F2A8C4660003F0F8A /* BookDetailsView.swift in Sources */,
				09F361B92A8CF639003F0F8A /* ThreeStateToggleView.swift in Sources */,
				09383A4E2A840E9E00C45774 /* GoTCharacterDto.swift in Sources */,
				0985A0772A8EAD290078BF2C /* LinkRowView.swift in Sources */,
				09F361A82A8C80B8003F0F8A /* BooksFilterView.swift in Sources */,
				09383ACB2A8509EA00C45774 /* PaginationFooterViewModel.swift in Sources */,
				09F3618C2A8C4308003F0F8A /* CharactersListViewModel.swift in Sources */,
				09F361932A8C4807003F0F8A /* BooksListView.swift in Sources */,
				09F361A62A8C80AA003F0F8A /* HousesFilterViewModel.swift in Sources */,
				09F361792A8B94E0003F0F8A /* HousesListView.swift in Sources */,
				09383AC22A84FBF700C45774 /* Extensions.swift in Sources */,
				09F3618A2A8C42B0003F0F8A /* CharactersListView.swift in Sources */,
				09F361722A8B7E99003F0F8A /* ListItemViewModel.swift in Sources */,
				09F361A42A8C8099003F0F8A /* HousesFilterView.swift in Sources */,
				09F361AC2A8C80D6003F0F8A /* CharactersFilterView.swift in Sources */,
				09F361862A8C3EE8003F0F8A /* CharacterDetailsView.swift in Sources */,
			);
			runOnlyForDeploymentPostprocessing = 0;
		};
		093839DD2A83B22E00C45774 /* Sources */ = {
			isa = PBXSourcesBuildPhase;
			buildActionMask = 2147483647;
			files = (
				09C25EF32A8F999B00BC414D /* AppOfFireAndIceTests.swift in Sources */,
				0985A0852A8ED6260078BF2C /* Themes.swift in Sources */,
				0985A0A72A8F776F0078BF2C /* LinkRowView.swift in Sources */,
				0985A0972A8F4DD10078BF2C /* GoTHouseDto.swift in Sources */,
				0985A0872A8ED8430078BF2C /* MainViewTests.swift in Sources */,
				09C25EF52A8FA26700BC414D /* HouseThemesTests.swift in Sources */,
				0985A07D2A8ED6040078BF2C /* MainFilterViewModel.swift in Sources */,
				0985A0C22A8F92510078BF2C /* HousesListViewTests.swift in Sources */,
				09383AC82A85097C00C45774 /* PaginationFooterView.swift in Sources */,
				0985A0822A8ED61A0078BF2C /* CharactersListViewModel.swift in Sources */,
				0985A0BC2A8F911F0078BF2C /* CharacterDetailsViewTests.swift in Sources */,
				0985A08F2A8F4BB80078BF2C /* BooksListView.swift in Sources */,
				0985A0962A8F4DCF0078BF2C /* GoTCharacterDto.swift in Sources */,
				0985A0892A8F4B9A0078BF2C /* FireAndIceService.swift in Sources */,
				0985A08C2A8F4BAA0078BF2C /* HousesFilterView.swift in Sources */,
				0985A0A92A8F7BDF0078BF2C /* CharactersFilterViewTests.swift in Sources */,
				0985A0882A8F4B8C0078BF2C /* MainView.swift in Sources */,
				0985A0BE2A8F91520078BF2C /* HouseDetailsViewTests.swift in Sources */,
				0985A0B02A8F8EE00078BF2C /* MainFilterViewTests.swift in Sources */,
				0985A0842A8ED6210078BF2C /* HousesListViewModel.swift in Sources */,
				0985A0952A8F4D730078BF2C /* GoTBookDto.swift in Sources */,
				0985A0A62A8F563E0078BF2C /* CharactersListViewTests.swift in Sources */,
				0985A0922A8F4BC70078BF2C /* HouseDetailsView.swift in Sources */,
				0985A0942A8F4CD20078BF2C /* PageEnum.swift in Sources */,
				0985A0A02A8F509F0078BF2C /* CollapsableContainerHeaderView.swift in Sources */,
				0985A0BA2A8F90990078BF2C /* BookDetailsViewTests.swift in Sources */,
				0985A0AD2A8F8A130078BF2C /* HousesFilterViewTests.swift in Sources */,
				0985A07A2A8ED5F00078BF2C /* CharactersFilterViewModel.swift in Sources */,
				0985A0932A8F4BCB0078BF2C /* HousesListView.swift in Sources */,
				0985A0C52A8F932E0078BF2C /* FireAndIceServiceTests.swift in Sources */,
				0985A0A22A8F50B90078BF2C /* Extensions.swift in Sources */,
				0985A07B2A8ED5F70078BF2C /* BooksFilterViewModel.swift in Sources */,
				0985A08B2A8F4BA60078BF2C /* BooksFilterView.swift in Sources */,
				0985A08D2A8F4BAE0078BF2C /* MainFilterView.swift in Sources */,
				0985A07F2A8ED60C0078BF2C /* BookDetailsViewModel.swift in Sources */,
				0985A0A12A8F50A90078BF2C /* ConfigKeys.swift in Sources */,
				09C25EF72A8FA60E00BC414D /* BookThemesTests.swift in Sources */,
				0985A0C02A8F91EC0078BF2C /* BooksListViewTests.swift in Sources */,
				0985A0832A8ED61E0078BF2C /* HouseDetailsViewModel.swift in Sources */,
				0985A09D2A8F50830078BF2C /* ListItemViewModel.swift in Sources */,
				0985A09F2A8F509C0078BF2C /* CollapsableContainerView.swift in Sources */,
				0985A0902A8F4BBE0078BF2C /* CharacterDetailsView.swift in Sources */,
				0985A0912A8F4BC20078BF2C /* CharactersListView.swift in Sources */,
				0985A07E2A8ED6080078BF2C /* MainViewModel.swift in Sources */,
				09C25EF92A8FA95F00BC414D /* CharacterThemesTests.swift in Sources */,
				0985A09A2A8F50660078BF2C /* SimpleRowView.swift in Sources */,
				0985A0AB2A8F87ED0078BF2C /* BooksFilterViewTests.swift in Sources */,
				09383ACC2A8509EA00C45774 /* PaginationFooterViewModel.swift in Sources */,
				0985A08A2A8F4BA10078BF2C /* CharactersFilterView.swift in Sources */,
				0985A08E2A8F4BB30078BF2C /* BookDetailsView.swift in Sources */,
				0985A0992A8F505A0078BF2C /* ThreeStateToggleViewModel.swift in Sources */,
				0985A09B2A8F50760078BF2C /* PaginationModel.swift in Sources */,
				0985A0982A8F50580078BF2C /* ThreeStateToggleView.swift in Sources */,
				0985A0812A8ED6170078BF2C /* CharacterDetailsViewModel.swift in Sources */,
				0985A09C2A8F50800078BF2C /* ListItemView.swift in Sources */,
				0985A0802A8ED6100078BF2C /* BooksListViewModel.swift in Sources */,
				0985A07C2A8ED5FE0078BF2C /* HousesFilterViewModel.swift in Sources */,
			);
			runOnlyForDeploymentPostprocessing = 0;
		};
		093839E72A83B22E00C45774 /* Sources */ = {
			isa = PBXSourcesBuildPhase;
			buildActionMask = 2147483647;
			files = (
				093839F02A83B22E00C45774 /* AppOfFireAndIceUITests.swift in Sources */,
				093839F22A83B22E00C45774 /* AppOfFireAndIceUITestsLaunchTests.swift in Sources */,
			);
			runOnlyForDeploymentPostprocessing = 0;
		};
/* End PBXSourcesBuildPhase section */

/* Begin PBXTargetDependency section */
		093839E32A83B22E00C45774 /* PBXTargetDependency */ = {
			isa = PBXTargetDependency;
			target = 093839D02A83B22600C45774 /* AppOfFireAndIce */;
			targetProxy = 093839E22A83B22E00C45774 /* PBXContainerItemProxy */;
		};
		093839ED2A83B22E00C45774 /* PBXTargetDependency */ = {
			isa = PBXTargetDependency;
			target = 093839D02A83B22600C45774 /* AppOfFireAndIce */;
			targetProxy = 093839EC2A83B22E00C45774 /* PBXContainerItemProxy */;
		};
/* End PBXTargetDependency section */

/* Begin XCBuildConfiguration section */
		093839F32A83B22E00C45774 /* Debug */ = {
			isa = XCBuildConfiguration;
			buildSettings = {
				ALWAYS_SEARCH_USER_PATHS = NO;
				CLANG_ANALYZER_NONNULL = YES;
				CLANG_ANALYZER_NUMBER_OBJECT_CONVERSION = YES_AGGRESSIVE;
				CLANG_CXX_LANGUAGE_STANDARD = "gnu++20";
				CLANG_ENABLE_MODULES = YES;
				CLANG_ENABLE_OBJC_ARC = YES;
				CLANG_ENABLE_OBJC_WEAK = YES;
				CLANG_WARN_BLOCK_CAPTURE_AUTORELEASING = YES;
				CLANG_WARN_BOOL_CONVERSION = YES;
				CLANG_WARN_COMMA = YES;
				CLANG_WARN_CONSTANT_CONVERSION = YES;
				CLANG_WARN_DEPRECATED_OBJC_IMPLEMENTATIONS = YES;
				CLANG_WARN_DIRECT_OBJC_ISA_USAGE = YES_ERROR;
				CLANG_WARN_DOCUMENTATION_COMMENTS = YES;
				CLANG_WARN_EMPTY_BODY = YES;
				CLANG_WARN_ENUM_CONVERSION = YES;
				CLANG_WARN_INFINITE_RECURSION = YES;
				CLANG_WARN_INT_CONVERSION = YES;
				CLANG_WARN_NON_LITERAL_NULL_CONVERSION = YES;
				CLANG_WARN_OBJC_IMPLICIT_RETAIN_SELF = YES;
				CLANG_WARN_OBJC_LITERAL_CONVERSION = YES;
				CLANG_WARN_OBJC_ROOT_CLASS = YES_ERROR;
				CLANG_WARN_QUOTED_INCLUDE_IN_FRAMEWORK_HEADER = YES;
				CLANG_WARN_RANGE_LOOP_ANALYSIS = YES;
				CLANG_WARN_STRICT_PROTOTYPES = YES;
				CLANG_WARN_SUSPICIOUS_MOVE = YES;
				CLANG_WARN_UNGUARDED_AVAILABILITY = YES_AGGRESSIVE;
				CLANG_WARN_UNREACHABLE_CODE = YES;
				CLANG_WARN__DUPLICATE_METHOD_MATCH = YES;
				COPY_PHASE_STRIP = NO;
				DEBUG_INFORMATION_FORMAT = dwarf;
				ENABLE_STRICT_OBJC_MSGSEND = YES;
				ENABLE_TESTABILITY = YES;
				GCC_C_LANGUAGE_STANDARD = gnu11;
				GCC_DYNAMIC_NO_PIC = NO;
				GCC_NO_COMMON_BLOCKS = YES;
				GCC_OPTIMIZATION_LEVEL = 0;
				GCC_PREPROCESSOR_DEFINITIONS = (
					"DEBUG=1",
					"$(inherited)",
				);
				GCC_WARN_64_TO_32_BIT_CONVERSION = YES;
				GCC_WARN_ABOUT_RETURN_TYPE = YES_ERROR;
				GCC_WARN_UNDECLARED_SELECTOR = YES;
				GCC_WARN_UNINITIALIZED_AUTOS = YES_AGGRESSIVE;
				GCC_WARN_UNUSED_FUNCTION = YES;
				GCC_WARN_UNUSED_VARIABLE = YES;
				IPHONEOS_DEPLOYMENT_TARGET = 16.0;
				MTL_ENABLE_DEBUG_INFO = INCLUDE_SOURCE;
				MTL_FAST_MATH = YES;
				ONLY_ACTIVE_ARCH = YES;
				SDKROOT = iphoneos;
				SWIFT_ACTIVE_COMPILATION_CONDITIONS = DEBUG;
				SWIFT_OPTIMIZATION_LEVEL = "-Onone";
			};
			name = Debug;
		};
		093839F42A83B22E00C45774 /* Release */ = {
			isa = XCBuildConfiguration;
			buildSettings = {
				ALWAYS_SEARCH_USER_PATHS = NO;
				CLANG_ANALYZER_NONNULL = YES;
				CLANG_ANALYZER_NUMBER_OBJECT_CONVERSION = YES_AGGRESSIVE;
				CLANG_CXX_LANGUAGE_STANDARD = "gnu++20";
				CLANG_ENABLE_MODULES = YES;
				CLANG_ENABLE_OBJC_ARC = YES;
				CLANG_ENABLE_OBJC_WEAK = YES;
				CLANG_WARN_BLOCK_CAPTURE_AUTORELEASING = YES;
				CLANG_WARN_BOOL_CONVERSION = YES;
				CLANG_WARN_COMMA = YES;
				CLANG_WARN_CONSTANT_CONVERSION = YES;
				CLANG_WARN_DEPRECATED_OBJC_IMPLEMENTATIONS = YES;
				CLANG_WARN_DIRECT_OBJC_ISA_USAGE = YES_ERROR;
				CLANG_WARN_DOCUMENTATION_COMMENTS = YES;
				CLANG_WARN_EMPTY_BODY = YES;
				CLANG_WARN_ENUM_CONVERSION = YES;
				CLANG_WARN_INFINITE_RECURSION = YES;
				CLANG_WARN_INT_CONVERSION = YES;
				CLANG_WARN_NON_LITERAL_NULL_CONVERSION = YES;
				CLANG_WARN_OBJC_IMPLICIT_RETAIN_SELF = YES;
				CLANG_WARN_OBJC_LITERAL_CONVERSION = YES;
				CLANG_WARN_OBJC_ROOT_CLASS = YES_ERROR;
				CLANG_WARN_QUOTED_INCLUDE_IN_FRAMEWORK_HEADER = YES;
				CLANG_WARN_RANGE_LOOP_ANALYSIS = YES;
				CLANG_WARN_STRICT_PROTOTYPES = YES;
				CLANG_WARN_SUSPICIOUS_MOVE = YES;
				CLANG_WARN_UNGUARDED_AVAILABILITY = YES_AGGRESSIVE;
				CLANG_WARN_UNREACHABLE_CODE = YES;
				CLANG_WARN__DUPLICATE_METHOD_MATCH = YES;
				COPY_PHASE_STRIP = NO;
				DEBUG_INFORMATION_FORMAT = "dwarf-with-dsym";
				ENABLE_NS_ASSERTIONS = NO;
				ENABLE_STRICT_OBJC_MSGSEND = YES;
				GCC_C_LANGUAGE_STANDARD = gnu11;
				GCC_NO_COMMON_BLOCKS = YES;
				GCC_WARN_64_TO_32_BIT_CONVERSION = YES;
				GCC_WARN_ABOUT_RETURN_TYPE = YES_ERROR;
				GCC_WARN_UNDECLARED_SELECTOR = YES;
				GCC_WARN_UNINITIALIZED_AUTOS = YES_AGGRESSIVE;
				GCC_WARN_UNUSED_FUNCTION = YES;
				GCC_WARN_UNUSED_VARIABLE = YES;
				IPHONEOS_DEPLOYMENT_TARGET = 16.0;
				MTL_ENABLE_DEBUG_INFO = NO;
				MTL_FAST_MATH = YES;
				SDKROOT = iphoneos;
				SWIFT_COMPILATION_MODE = wholemodule;
				SWIFT_OPTIMIZATION_LEVEL = "-O";
				VALIDATE_PRODUCT = YES;
			};
			name = Release;
		};
		093839F62A83B22E00C45774 /* Debug */ = {
			isa = XCBuildConfiguration;
			buildSettings = {
				ASSETCATALOG_COMPILER_APPICON_NAME = AppIcon;
				ASSETCATALOG_COMPILER_GLOBAL_ACCENT_COLOR_NAME = AccentColor;
				CODE_SIGN_STYLE = Automatic;
				CURRENT_PROJECT_VERSION = 1;
				DEVELOPMENT_ASSET_PATHS = "\"AppOfFireAndIce/Preview Content\"";
				DEVELOPMENT_TEAM = RURN7P4FCF;
				ENABLE_PREVIEWS = YES;
				GENERATE_INFOPLIST_FILE = YES;
				INFOPLIST_FILE = AppOfFireAndIce/Info.plist;
				INFOPLIST_KEY_UIApplicationSceneManifest_Generation = YES;
				INFOPLIST_KEY_UIApplicationSupportsIndirectInputEvents = YES;
				INFOPLIST_KEY_UISupportedInterfaceOrientations_iPad = "UIInterfaceOrientationPortrait UIInterfaceOrientationPortraitUpsideDown UIInterfaceOrientationLandscapeLeft UIInterfaceOrientationLandscapeRight";
				INFOPLIST_KEY_UISupportedInterfaceOrientations_iPhone = "UIInterfaceOrientationPortrait UIInterfaceOrientationLandscapeLeft UIInterfaceOrientationLandscapeRight";
				IPHONEOS_DEPLOYMENT_TARGET = 16.0;
				LD_RUNPATH_SEARCH_PATHS = (
					"$(inherited)",
					"@executable_path/Frameworks",
				);
				MARKETING_VERSION = 1.0;
				PRODUCT_BUNDLE_IDENTIFIER = com.AppOfFireAndIce;
				PRODUCT_NAME = "$(TARGET_NAME)";
				SWIFT_EMIT_LOC_STRINGS = YES;
				SWIFT_VERSION = 5.0;
				TARGETED_DEVICE_FAMILY = "1,2";
			};
			name = Debug;
		};
		093839F72A83B22E00C45774 /* Release */ = {
			isa = XCBuildConfiguration;
			buildSettings = {
				ASSETCATALOG_COMPILER_APPICON_NAME = AppIcon;
				ASSETCATALOG_COMPILER_GLOBAL_ACCENT_COLOR_NAME = AccentColor;
				CODE_SIGN_STYLE = Automatic;
				CURRENT_PROJECT_VERSION = 1;
				DEVELOPMENT_ASSET_PATHS = "\"AppOfFireAndIce/Preview Content\"";
				DEVELOPMENT_TEAM = RURN7P4FCF;
				ENABLE_PREVIEWS = YES;
				GENERATE_INFOPLIST_FILE = YES;
				INFOPLIST_FILE = AppOfFireAndIce/Info.plist;
				INFOPLIST_KEY_UIApplicationSceneManifest_Generation = YES;
				INFOPLIST_KEY_UIApplicationSupportsIndirectInputEvents = YES;
				INFOPLIST_KEY_UISupportedInterfaceOrientations_iPad = "UIInterfaceOrientationPortrait UIInterfaceOrientationPortraitUpsideDown UIInterfaceOrientationLandscapeLeft UIInterfaceOrientationLandscapeRight";
				INFOPLIST_KEY_UISupportedInterfaceOrientations_iPhone = "UIInterfaceOrientationPortrait UIInterfaceOrientationLandscapeLeft UIInterfaceOrientationLandscapeRight";
				IPHONEOS_DEPLOYMENT_TARGET = 16.0;
				LD_RUNPATH_SEARCH_PATHS = (
					"$(inherited)",
					"@executable_path/Frameworks",
				);
				MARKETING_VERSION = 1.0;
				PRODUCT_BUNDLE_IDENTIFIER = com.AppOfFireAndIce;
				PRODUCT_NAME = "$(TARGET_NAME)";
				SWIFT_EMIT_LOC_STRINGS = YES;
				SWIFT_VERSION = 5.0;
				TARGETED_DEVICE_FAMILY = "1,2";
			};
			name = Release;
		};
		093839F92A83B22E00C45774 /* Debug */ = {
			isa = XCBuildConfiguration;
			buildSettings = {
				ALWAYS_EMBED_SWIFT_STANDARD_LIBRARIES = YES;
				BUNDLE_LOADER = "$(TEST_HOST)";
				CODE_SIGN_STYLE = Automatic;
				CURRENT_PROJECT_VERSION = 1;
				DEVELOPMENT_TEAM = RURN7P4FCF;
				GENERATE_INFOPLIST_FILE = YES;
				IPHONEOS_DEPLOYMENT_TARGET = 16.0;
				MARKETING_VERSION = 1.0;
				PRODUCT_BUNDLE_IDENTIFIER = com.AppOfFireAndIceTests;
				PRODUCT_NAME = "$(TARGET_NAME)";
				SWIFT_EMIT_LOC_STRINGS = NO;
				SWIFT_VERSION = 5.0;
				TARGETED_DEVICE_FAMILY = "1,2";
				TEST_HOST = "$(BUILT_PRODUCTS_DIR)/AppOfFireAndIce.app/$(BUNDLE_EXECUTABLE_FOLDER_PATH)/AppOfFireAndIce";
			};
			name = Debug;
		};
		093839FA2A83B22E00C45774 /* Release */ = {
			isa = XCBuildConfiguration;
			buildSettings = {
				ALWAYS_EMBED_SWIFT_STANDARD_LIBRARIES = YES;
				BUNDLE_LOADER = "$(TEST_HOST)";
				CODE_SIGN_STYLE = Automatic;
				CURRENT_PROJECT_VERSION = 1;
				DEVELOPMENT_TEAM = RURN7P4FCF;
				GENERATE_INFOPLIST_FILE = YES;
				IPHONEOS_DEPLOYMENT_TARGET = 16.0;
				MARKETING_VERSION = 1.0;
				PRODUCT_BUNDLE_IDENTIFIER = com.AppOfFireAndIceTests;
				PRODUCT_NAME = "$(TARGET_NAME)";
				SWIFT_EMIT_LOC_STRINGS = NO;
				SWIFT_VERSION = 5.0;
				TARGETED_DEVICE_FAMILY = "1,2";
				TEST_HOST = "$(BUILT_PRODUCTS_DIR)/AppOfFireAndIce.app/$(BUNDLE_EXECUTABLE_FOLDER_PATH)/AppOfFireAndIce";
			};
			name = Release;
		};
		093839FC2A83B22E00C45774 /* Debug */ = {
			isa = XCBuildConfiguration;
			buildSettings = {
				ALWAYS_EMBED_SWIFT_STANDARD_LIBRARIES = YES;
				CODE_SIGN_STYLE = Automatic;
				CURRENT_PROJECT_VERSION = 1;
				DEVELOPMENT_TEAM = RURN7P4FCF;
				GENERATE_INFOPLIST_FILE = YES;
				MARKETING_VERSION = 1.0;
				PRODUCT_BUNDLE_IDENTIFIER = com.AppOfFireAndIceUITests;
				PRODUCT_NAME = "$(TARGET_NAME)";
				SWIFT_EMIT_LOC_STRINGS = NO;
				SWIFT_VERSION = 5.0;
				TARGETED_DEVICE_FAMILY = "1,2";
				TEST_TARGET_NAME = AppOfFireAndIce;
			};
			name = Debug;
		};
		093839FD2A83B22E00C45774 /* Release */ = {
			isa = XCBuildConfiguration;
			buildSettings = {
				ALWAYS_EMBED_SWIFT_STANDARD_LIBRARIES = YES;
				CODE_SIGN_STYLE = Automatic;
				CURRENT_PROJECT_VERSION = 1;
				DEVELOPMENT_TEAM = RURN7P4FCF;
				GENERATE_INFOPLIST_FILE = YES;
				MARKETING_VERSION = 1.0;
				PRODUCT_BUNDLE_IDENTIFIER = com.AppOfFireAndIceUITests;
				PRODUCT_NAME = "$(TARGET_NAME)";
				SWIFT_EMIT_LOC_STRINGS = NO;
				SWIFT_VERSION = 5.0;
				TARGETED_DEVICE_FAMILY = "1,2";
				TEST_TARGET_NAME = AppOfFireAndIce;
			};
			name = Release;
		};
/* End XCBuildConfiguration section */

/* Begin XCConfigurationList section */
		093839CC2A83B22600C45774 /* Build configuration list for PBXProject "AppOfFireAndIce" */ = {
			isa = XCConfigurationList;
			buildConfigurations = (
				093839F32A83B22E00C45774 /* Debug */,
				093839F42A83B22E00C45774 /* Release */,
			);
			defaultConfigurationIsVisible = 0;
			defaultConfigurationName = Release;
		};
		093839F52A83B22E00C45774 /* Build configuration list for PBXNativeTarget "AppOfFireAndIce" */ = {
			isa = XCConfigurationList;
			buildConfigurations = (
				093839F62A83B22E00C45774 /* Debug */,
				093839F72A83B22E00C45774 /* Release */,
			);
			defaultConfigurationIsVisible = 0;
			defaultConfigurationName = Release;
		};
		093839F82A83B22E00C45774 /* Build configuration list for PBXNativeTarget "AppOfFireAndIceTests" */ = {
			isa = XCConfigurationList;
			buildConfigurations = (
				093839F92A83B22E00C45774 /* Debug */,
				093839FA2A83B22E00C45774 /* Release */,
			);
			defaultConfigurationIsVisible = 0;
			defaultConfigurationName = Release;
		};
		093839FB2A83B22E00C45774 /* Build configuration list for PBXNativeTarget "AppOfFireAndIceUITests" */ = {
			isa = XCConfigurationList;
			buildConfigurations = (
				093839FC2A83B22E00C45774 /* Debug */,
				093839FD2A83B22E00C45774 /* Release */,
			);
			defaultConfigurationIsVisible = 0;
			defaultConfigurationName = Release;
		};
/* End XCConfigurationList section */
	};
	rootObject = 093839C92A83B22600C45774 /* Project object */;
}
